// !$*UTF8*$!
{
	archiveVersion = 1;
	classes = {
	};
	objectVersion = 46;
	objects = {

/* Begin PBXBuildFile section */
		C4BFC42E1C8A41140052F9A9 /* AppDelegate.swift in Sources */ = {isa = PBXBuildFile; fileRef = C4BFC42D1C8A41140052F9A9 /* AppDelegate.swift */; };
		C4BFC4301C8A41140052F9A9 /* ViewController.swift in Sources */ = {isa = PBXBuildFile; fileRef = C4BFC42F1C8A41140052F9A9 /* ViewController.swift */; };
		C4BFC4331C8A41140052F9A9 /* Main.storyboard in Resources */ = {isa = PBXBuildFile; fileRef = C4BFC4311C8A41140052F9A9 /* Main.storyboard */; };
		C4BFC4351C8A41140052F9A9 /* Assets.xcassets in Resources */ = {isa = PBXBuildFile; fileRef = C4BFC4341C8A41140052F9A9 /* Assets.xcassets */; };
		C4BFC4381C8A41140052F9A9 /* LaunchScreen.storyboard in Resources */ = {isa = PBXBuildFile; fileRef = C4BFC4361C8A41140052F9A9 /* LaunchScreen.storyboard */; };
		C4BFC4431C8A41140052F9A9 /* MessageMeTests.swift in Sources */ = {isa = PBXBuildFile; fileRef = C4BFC4421C8A41140052F9A9 /* MessageMeTests.swift */; };
		C4BFC44E1C8A41140052F9A9 /* MessageMeUITests.swift in Sources */ = {isa = PBXBuildFile; fileRef = C4BFC44D1C8A41140052F9A9 /* MessageMeUITests.swift */; };
/* End PBXBuildFile section */

/* Begin PBXContainerItemProxy section */
		C4BFC43F1C8A41140052F9A9 /* PBXContainerItemProxy */ = {
			isa = PBXContainerItemProxy;
			containerPortal = C4BFC4221C8A41140052F9A9 /* Project object */;
			proxyType = 1;
			remoteGlobalIDString = C4BFC4291C8A41140052F9A9;
			remoteInfo = MessageMe;
		};
		C4BFC44A1C8A41140052F9A9 /* PBXContainerItemProxy */ = {
			isa = PBXContainerItemProxy;
			containerPortal = C4BFC4221C8A41140052F9A9 /* Project object */;
			proxyType = 1;
			remoteGlobalIDString = C4BFC4291C8A41140052F9A9;
			remoteInfo = MessageMe;
		};
/* End PBXContainerItemProxy section */

/* Begin PBXFileReference section */
		C4BFC42A1C8A41140052F9A9 /* MessageMe.app */ = {isa = PBXFileReference; explicitFileType = wrapper.application; includeInIndex = 0; path = MessageMe.app; sourceTree = BUILT_PRODUCTS_DIR; };
		C4BFC42D1C8A41140052F9A9 /* AppDelegate.swift */ = {isa = PBXFileReference; lastKnownFileType = sourcecode.swift; path = AppDelegate.swift; sourceTree = "<group>"; };
		C4BFC42F1C8A41140052F9A9 /* ViewController.swift */ = {isa = PBXFileReference; lastKnownFileType = sourcecode.swift; path = ViewController.swift; sourceTree = "<group>"; };
		C4BFC4321C8A41140052F9A9 /* Base */ = {isa = PBXFileReference; lastKnownFileType = file.storyboard; name = Base; path = Base.lproj/Main.storyboard; sourceTree = "<group>"; };
		C4BFC4341C8A41140052F9A9 /* Assets.xcassets */ = {isa = PBXFileReference; lastKnownFileType = folder.assetcatalog; path = Assets.xcassets; sourceTree = "<group>"; };
		C4BFC4371C8A41140052F9A9 /* Base */ = {isa = PBXFileReference; lastKnownFileType = file.storyboard; name = Base; path = Base.lproj/LaunchScreen.storyboard; sourceTree = "<group>"; };
		C4BFC4391C8A41140052F9A9 /* Info.plist */ = {isa = PBXFileReference; lastKnownFileType = text.plist.xml; path = Info.plist; sourceTree = "<group>"; };
		C4BFC43E1C8A41140052F9A9 /* MessageMeTests.xctest */ = {isa = PBXFileReference; explicitFileType = wrapper.cfbundle; includeInIndex = 0; path = MessageMeTests.xctest; sourceTree = BUILT_PRODUCTS_DIR; };
		C4BFC4421C8A41140052F9A9 /* MessageMeTests.swift */ = {isa = PBXFileReference; lastKnownFileType = sourcecode.swift; path = MessageMeTests.swift; sourceTree = "<group>"; };
		C4BFC4441C8A41140052F9A9 /* Info.plist */ = {isa = PBXFileReference; lastKnownFileType = text.plist.xml; path = Info.plist; sourceTree = "<group>"; };
		C4BFC4491C8A41140052F9A9 /* MessageMeUITests.xctest */ = {isa = PBXFileReference; explicitFileType = wrapper.cfbundle; includeInIndex = 0; path = MessageMeUITests.xctest; sourceTree = BUILT_PRODUCTS_DIR; };
		C4BFC44D1C8A41140052F9A9 /* MessageMeUITests.swift */ = {isa = PBXFileReference; lastKnownFileType = sourcecode.swift; path = MessageMeUITests.swift; sourceTree = "<group>"; };
		C4BFC44F1C8A41140052F9A9 /* Info.plist */ = {isa = PBXFileReference; lastKnownFileType = text.plist.xml; path = Info.plist; sourceTree = "<group>"; };
/* End PBXFileReference section */

/* Begin PBXFrameworksBuildPhase section */
		C4BFC4271C8A41140052F9A9 /* Frameworks */ = {
			isa = PBXFrameworksBuildPhase;
			buildActionMask = 2147483647;
			files = (
			);
			runOnlyForDeploymentPostprocessing = 0;
		};
		C4BFC43B1C8A41140052F9A9 /* Frameworks */ = {
			isa = PBXFrameworksBuildPhase;
			buildActionMask = 2147483647;
			files = (
			);
			runOnlyForDeploymentPostprocessing = 0;
		};
		C4BFC4461C8A41140052F9A9 /* Frameworks */ = {
			isa = PBXFrameworksBuildPhase;
			buildActionMask = 2147483647;
			files = (
			);
			runOnlyForDeploymentPostprocessing = 0;
		};
/* End PBXFrameworksBuildPhase section */

/* Begin PBXGroup section */
		C4BFC4211C8A41140052F9A9 = {
			isa = PBXGroup;
			children = (
				C4BFC42C1C8A41140052F9A9 /* MessageMe */,
				C4BFC4411C8A41140052F9A9 /* MessageMeTests */,
				C4BFC44C1C8A41140052F9A9 /* MessageMeUITests */,
				C4BFC42B1C8A41140052F9A9 /* Products */,
			);
			sourceTree = "<group>";
		};
		C4BFC42B1C8A41140052F9A9 /* Products */ = {
			isa = PBXGroup;
			children = (
				C4BFC42A1C8A41140052F9A9 /* MessageMe.app */,
				C4BFC43E1C8A41140052F9A9 /* MessageMeTests.xctest */,
				C4BFC4491C8A41140052F9A9 /* MessageMeUITests.xctest */,
			);
			name = Products;
			sourceTree = "<group>";
		};
		C4BFC42C1C8A41140052F9A9 /* MessageMe */ = {
			isa = PBXGroup;
			children = (
				C4BFC42D1C8A41140052F9A9 /* AppDelegate.swift */,
				C4BFC42F1C8A41140052F9A9 /* ViewController.swift */,
				C4BFC4311C8A41140052F9A9 /* Main.storyboard */,
				C4BFC4341C8A41140052F9A9 /* Assets.xcassets */,
				C4BFC4361C8A41140052F9A9 /* LaunchScreen.storyboard */,
				C4BFC4391C8A41140052F9A9 /* Info.plist */,
			);
			path = MessageMe;
			sourceTree = "<group>";
		};
		C4BFC4411C8A41140052F9A9 /* MessageMeTests */ = {
			isa = PBXGroup;
			children = (
				C4BFC4421C8A41140052F9A9 /* MessageMeTests.swift */,
				C4BFC4441C8A41140052F9A9 /* Info.plist */,
			);
			path = MessageMeTests;
			sourceTree = "<group>";
		};
		C4BFC44C1C8A41140052F9A9 /* MessageMeUITests */ = {
			isa = PBXGroup;
			children = (
				C4BFC44D1C8A41140052F9A9 /* MessageMeUITests.swift */,
				C4BFC44F1C8A41140052F9A9 /* Info.plist */,
			);
			path = MessageMeUITests;
			sourceTree = "<group>";
		};
/* End PBXGroup section */

/* Begin PBXNativeTarget section */
		C4BFC4291C8A41140052F9A9 /* MessageMe */ = {
			isa = PBXNativeTarget;
			buildConfigurationList = C4BFC4521C8A41140052F9A9 /* Build configuration list for PBXNativeTarget "MessageMe" */;
			buildPhases = (
				C4BFC4261C8A41140052F9A9 /* Sources */,
				C4BFC4271C8A41140052F9A9 /* Frameworks */,
				C4BFC4281C8A41140052F9A9 /* Resources */,
			);
			buildRules = (
			);
			dependencies = (
			);
			name = MessageMe;
			productName = MessageMe;
			productReference = C4BFC42A1C8A41140052F9A9 /* MessageMe.app */;
			productType = "com.apple.product-type.application";
		};
		C4BFC43D1C8A41140052F9A9 /* MessageMeTests */ = {
			isa = PBXNativeTarget;
			buildConfigurationList = C4BFC4551C8A41140052F9A9 /* Build configuration list for PBXNativeTarget "MessageMeTests" */;
			buildPhases = (
				C4BFC43A1C8A41140052F9A9 /* Sources */,
				C4BFC43B1C8A41140052F9A9 /* Frameworks */,
				C4BFC43C1C8A41140052F9A9 /* Resources */,
			);
			buildRules = (
			);
			dependencies = (
				C4BFC4401C8A41140052F9A9 /* PBXTargetDependency */,
			);
			name = MessageMeTests;
			productName = MessageMeTests;
			productReference = C4BFC43E1C8A41140052F9A9 /* MessageMeTests.xctest */;
			productType = "com.apple.product-type.bundle.unit-test";
		};
		C4BFC4481C8A41140052F9A9 /* MessageMeUITests */ = {
			isa = PBXNativeTarget;
			buildConfigurationList = C4BFC4581C8A41140052F9A9 /* Build configuration list for PBXNativeTarget "MessageMeUITests" */;
			buildPhases = (
				C4BFC4451C8A41140052F9A9 /* Sources */,
				C4BFC4461C8A41140052F9A9 /* Frameworks */,
				C4BFC4471C8A41140052F9A9 /* Resources */,
			);
			buildRules = (
			);
			dependencies = (
				C4BFC44B1C8A41140052F9A9 /* PBXTargetDependency */,
			);
			name = MessageMeUITests;
			productName = MessageMeUITests;
			productReference = C4BFC4491C8A41140052F9A9 /* MessageMeUITests.xctest */;
			productType = "com.apple.product-type.bundle.ui-testing";
		};
/* End PBXNativeTarget section */

/* Begin PBXProject section */
		C4BFC4221C8A41140052F9A9 /* Project object */ = {
			isa = PBXProject;
			attributes = {
				LastSwiftUpdateCheck = 0710;
				LastUpgradeCheck = 0710;
				ORGANIZATIONNAME = "Tuba Abbasi";
				TargetAttributes = {
					C4BFC4291C8A41140052F9A9 = {
						CreatedOnToolsVersion = 7.1.1;
						DevelopmentTeam = YY7MR8VR5W;
					};
					C4BFC43D1C8A41140052F9A9 = {
						CreatedOnToolsVersion = 7.1.1;
						DevelopmentTeam = YY7MR8VR5W;
						TestTargetID = C4BFC4291C8A41140052F9A9;
					};
					C4BFC4481C8A41140052F9A9 = {
						CreatedOnToolsVersion = 7.1.1;
						DevelopmentTeam = YY7MR8VR5W;
						TestTargetID = C4BFC4291C8A41140052F9A9;
					};
				};
			};
			buildConfigurationList = C4BFC4251C8A41140052F9A9 /* Build configuration list for PBXProject "MessageMe" */;
			compatibilityVersion = "Xcode 3.2";
			developmentRegion = English;
			hasScannedForEncodings = 0;
			knownRegions = (
				en,
				Base,
			);
			mainGroup = C4BFC4211C8A41140052F9A9;
			productRefGroup = C4BFC42B1C8A41140052F9A9 /* Products */;
			projectDirPath = "";
			projectRoot = "";
			targets = (
				C4BFC4291C8A41140052F9A9 /* MessageMe */,
				C4BFC43D1C8A41140052F9A9 /* MessageMeTests */,
				C4BFC4481C8A41140052F9A9 /* MessageMeUITests */,
			);
		};
/* End PBXProject section */

/* Begin PBXResourcesBuildPhase section */
		C4BFC4281C8A41140052F9A9 /* Resources */ = {
			isa = PBXResourcesBuildPhase;
			buildActionMask = 2147483647;
			files = (
				C4BFC4381C8A41140052F9A9 /* LaunchScreen.storyboard in Resources */,
				C4BFC4351C8A41140052F9A9 /* Assets.xcassets in Resources */,
				C4BFC4331C8A41140052F9A9 /* Main.storyboard in Resources */,
			);
			runOnlyForDeploymentPostprocessing = 0;
		};
		C4BFC43C1C8A41140052F9A9 /* Resources */ = {
			isa = PBXResourcesBuildPhase;
			buildActionMask = 2147483647;
			files = (
			);
			runOnlyForDeploymentPostprocessing = 0;
		};
		C4BFC4471C8A41140052F9A9 /* Resources */ = {
			isa = PBXResourcesBuildPhase;
			buildActionMask = 2147483647;
			files = (
			);
			runOnlyForDeploymentPostprocessing = 0;
		};
/* End PBXResourcesBuildPhase section */

/* Begin PBXSourcesBuildPhase section */
		C4BFC4261C8A41140052F9A9 /* Sources */ = {
			isa = PBXSourcesBuildPhase;
			buildActionMask = 2147483647;
			files = (
				C4BFC4301C8A41140052F9A9 /* ViewController.swift in Sources */,
				C4BFC42E1C8A41140052F9A9 /* AppDelegate.swift in Sources */,
			);
			runOnlyForDeploymentPostprocessing = 0;
		};
		C4BFC43A1C8A41140052F9A9 /* Sources */ = {
			isa = PBXSourcesBuildPhase;
			buildActionMask = 2147483647;
			files = (
				C4BFC4431C8A41140052F9A9 /* MessageMeTests.swift in Sources */,
			);
			runOnlyForDeploymentPostprocessing = 0;
		};
		C4BFC4451C8A41140052F9A9 /* Sources */ = {
			isa = PBXSourcesBuildPhase;
			buildActionMask = 2147483647;
			files = (
				C4BFC44E1C8A41140052F9A9 /* MessageMeUITests.swift in Sources */,
			);
			runOnlyForDeploymentPostprocessing = 0;
		};
/* End PBXSourcesBuildPhase section */

/* Begin PBXTargetDependency section */
		C4BFC4401C8A41140052F9A9 /* PBXTargetDependency */ = {
			isa = PBXTargetDependency;
			target = C4BFC4291C8A41140052F9A9 /* MessageMe */;
			targetProxy = C4BFC43F1C8A41140052F9A9 /* PBXContainerItemProxy */;
		};
		C4BFC44B1C8A41140052F9A9 /* PBXTargetDependency */ = {
			isa = PBXTargetDependency;
			target = C4BFC4291C8A41140052F9A9 /* MessageMe */;
			targetProxy = C4BFC44A1C8A41140052F9A9 /* PBXContainerItemProxy */;
		};
/* End PBXTargetDependency section */

/* Begin PBXVariantGroup section */
		C4BFC4311C8A41140052F9A9 /* Main.storyboard */ = {
			isa = PBXVariantGroup;
			children = (
				C4BFC4321C8A41140052F9A9 /* Base */,
			);
			name = Main.storyboard;
			sourceTree = "<group>";
		};
		C4BFC4361C8A41140052F9A9 /* LaunchScreen.storyboard */ = {
			isa = PBXVariantGroup;
			children = (
				C4BFC4371C8A41140052F9A9 /* Base */,
			);
			name = LaunchScreen.storyboard;
			sourceTree = "<group>";
		};
/* End PBXVariantGroup section */

/* Begin XCBuildConfiguration section */
		C4BFC4501C8A41140052F9A9 /* Debug */ = {
			isa = XCBuildConfiguration;
			buildSettings = {
				ALWAYS_SEARCH_USER_PATHS = NO;
				CLANG_CXX_LANGUAGE_STANDARD = "gnu++0x";
				CLANG_CXX_LIBRARY = "libc++";
				CLANG_ENABLE_MODULES = YES;
				CLANG_ENABLE_OBJC_ARC = YES;
				CLANG_WARN_BOOL_CONVERSION = YES;
				CLANG_WARN_CONSTANT_CONVERSION = YES;
				CLANG_WARN_DIRECT_OBJC_ISA_USAGE = YES_ERROR;
				CLANG_WARN_EMPTY_BODY = YES;
				CLANG_WARN_ENUM_CONVERSION = YES;
				CLANG_WARN_INT_CONVERSION = YES;
				CLANG_WARN_OBJC_ROOT_CLASS = YES_ERROR;
				CLANG_WARN_UNREACHABLE_CODE = YES;
				CLANG_WARN__DUPLICATE_METHOD_MATCH = YES;
				"CODE_SIGN_IDENTITY[sdk=iphoneos*]" = "iPhone Developer";
				COPY_PHASE_STRIP = NO;
				DEBUG_INFORMATION_FORMAT = dwarf;
				ENABLE_STRICT_OBJC_MSGSEND = YES;
				ENABLE_TESTABILITY = YES;
				GCC_C_LANGUAGE_STANDARD = gnu99;
				GCC_DYNAMIC_NO_PIC = NO;
				GCC_NO_COMMON_BLOCKS = YES;
				GCC_OPTIMIZATION_LEVEL = 0;
				GCC_PREPROCESSOR_DEFINITIONS = (
					"DEBUG=1",
					"$(inherited)",
				);
				GCC_WARN_64_TO_32_BIT_CONVERSION = YES;
				GCC_WARN_ABOUT_RETURN_TYPE = YES_ERROR;
				GCC_WARN_UNDECLARED_SELECTOR = YES;
				GCC_WARN_UNINITIALIZED_AUTOS = YES_AGGRESSIVE;
				GCC_WARN_UNUSED_FUNCTION = YES;
				GCC_WARN_UNUSED_VARIABLE = YES;
				IPHONEOS_DEPLOYMENT_TARGET = 9.1;
				MTL_ENABLE_DEBUG_INFO = YES;
				ONLY_ACTIVE_ARCH = YES;
				SDKROOT = iphoneos;
				SWIFT_OPTIMIZATION_LEVEL = "-Onone";
				TARGETED_DEVICE_FAMILY = "1,2";
			};
			name = Debug;
		};
		C4BFC4511C8A41140052F9A9 /* Release */ = {
			isa = XCBuildConfiguration;
			buildSettings = {
				ALWAYS_SEARCH_USER_PATHS = NO;
				CLANG_CXX_LANGUAGE_STANDARD = "gnu++0x";
				CLANG_CXX_LIBRARY = "libc++";
				CLANG_ENABLE_MODULES = YES;
				CLANG_ENABLE_OBJC_ARC = YES;
				CLANG_WARN_BOOL_CONVERSION = YES;
				CLANG_WARN_CONSTANT_CONVERSION = YES;
				CLANG_WARN_DIRECT_OBJC_ISA_USAGE = YES_ERROR;
				CLANG_WARN_EMPTY_BODY = YES;
				CLANG_WARN_ENUM_CONVERSION = YES;
				CLANG_WARN_INT_CONVERSION = YES;
				CLANG_WARN_OBJC_ROOT_CLASS = YES_ERROR;
				CLANG_WARN_UNREACHABLE_CODE = YES;
				CLANG_WARN__DUPLICATE_METHOD_MATCH = YES;
				"CODE_SIGN_IDENTITY[sdk=iphoneos*]" = "iPhone Developer";
				COPY_PHASE_STRIP = NO;
				DEBUG_INFORMATION_FORMAT = "dwarf-with-dsym";
				ENABLE_NS_ASSERTIONS = NO;
				ENABLE_STRICT_OBJC_MSGSEND = YES;
				GCC_C_LANGUAGE_STANDARD = gnu99;
				GCC_NO_COMMON_BLOCKS = YES;
				GCC_WARN_64_TO_32_BIT_CONVERSION = YES;
				GCC_WARN_ABOUT_RETURN_TYPE = YES_ERROR;
				GCC_WARN_UNDECLARED_SELECTOR = YES;
				GCC_WARN_UNINITIALIZED_AUTOS = YES_AGGRESSIVE;
				GCC_WARN_UNUSED_FUNCTION = YES;
				GCC_WARN_UNUSED_VARIABLE = YES;
				IPHONEOS_DEPLOYMENT_TARGET = 9.1;
				MTL_ENABLE_DEBUG_INFO = NO;
				SDKROOT = iphoneos;
				TARGETED_DEVICE_FAMILY = "1,2";
				VALIDATE_PRODUCT = YES;
			};
			name = Release;
		};
		C4BFC4531C8A41140052F9A9 /* Debug */ = {
			isa = XCBuildConfiguration;
			buildSettings = {
				ASSETCATALOG_COMPILER_APPICON_NAME = AppIcon;
				INFOPLIST_FILE = MessageMe/Info.plist;
				LD_RUNPATH_SEARCH_PATHS = "$(inherited) @executable_path/Frameworks";
				PRODUCT_BUNDLE_IDENTIFIER = com.mywebnapp.MessageMe;
				PRODUCT_NAME = "$(TARGET_NAME)";
			};
			name = Debug;
		};
		C4BFC4541C8A41140052F9A9 /* Release */ = {
			isa = XCBuildConfiguration;
			buildSettings = {
				ASSETCATALOG_COMPILER_APPICON_NAME = AppIcon;
				INFOPLIST_FILE = MessageMe/Info.plist;
				LD_RUNPATH_SEARCH_PATHS = "$(inherited) @executable_path/Frameworks";
				PRODUCT_BUNDLE_IDENTIFIER = com.mywebnapp.MessageMe;
				PRODUCT_NAME = "$(TARGET_NAME)";
			};
			name = Release;
		};
		C4BFC4561C8A41140052F9A9 /* Debug */ = {
			isa = XCBuildConfiguration;
			buildSettings = {
				BUNDLE_LOADER = "$(TEST_HOST)";
				INFOPLIST_FILE = MessageMeTests/Info.plist;
				LD_RUNPATH_SEARCH_PATHS = "$(inherited) @executable_path/Frameworks @loader_path/Frameworks";
				PRODUCT_BUNDLE_IDENTIFIER = com.mywebnapp.MessageMeTests;
				PRODUCT_NAME = "$(TARGET_NAME)";
				TEST_HOST = "$(BUILT_PRODUCTS_DIR)/MessageMe.app/MessageMe";
			};
			name = Debug;
		};
		C4BFC4571C8A41140052F9A9 /* Release */ = {
			isa = XCBuildConfiguration;
			buildSettings = {
				BUNDLE_LOADER = "$(TEST_HOST)";
				INFOPLIST_FILE = MessageMeTests/Info.plist;
				LD_RUNPATH_SEARCH_PATHS = "$(inherited) @executable_path/Frameworks @loader_path/Frameworks";
				PRODUCT_BUNDLE_IDENTIFIER = com.mywebnapp.MessageMeTests;
				PRODUCT_NAME = "$(TARGET_NAME)";
				TEST_HOST = "$(BUILT_PRODUCTS_DIR)/MessageMe.app/MessageMe";
			};
			name = Release;
		};
		C4BFC4591C8A41140052F9A9 /* Debug */ = {
			isa = XCBuildConfiguration;
			buildSettings = {
				INFOPLIST_FILE = MessageMeUITests/Info.plist;
				LD_RUNPATH_SEARCH_PATHS = "$(inherited) @executable_path/Frameworks @loader_path/Frameworks";
				PRODUCT_BUNDLE_IDENTIFIER = com.mywebnapp.MessageMeUITests;
				PRODUCT_NAME = "$(TARGET_NAME)";
				TEST_TARGET_NAME = MessageMe;
				USES_XCTRUNNER = YES;
			};
			name = Debug;
		};
		C4BFC45A1C8A41140052F9A9 /* Release */ = {
			isa = XCBuildConfiguration;
			buildSettings = {
				INFOPLIST_FILE = MessageMeUITests/Info.plist;
				LD_RUNPATH_SEARCH_PATHS = "$(inherited) @executable_path/Frameworks @loader_path/Frameworks";
				PRODUCT_BUNDLE_IDENTIFIER = com.mywebnapp.MessageMeUITests;
				PRODUCT_NAME = "$(TARGET_NAME)";
				TEST_TARGET_NAME = MessageMe;
				USES_XCTRUNNER = YES;
			};
			name = Release;
		};
/* End XCBuildConfiguration section */

/* Begin XCConfigurationList section */
		C4BFC4251C8A41140052F9A9 /* Build configuration list for PBXProject "MessageMe" */ = {
			isa = XCConfigurationList;
			buildConfigurations = (
				C4BFC4501C8A41140052F9A9 /* Debug */,
				C4BFC4511C8A41140052F9A9 /* Release */,
			);
			defaultConfigurationIsVisible = 0;
			defaultConfigurationName = Release;
		};
		C4BFC4521C8A41140052F9A9 /* Build configuration list for PBXNativeTarget "MessageMe" */ = {
			isa = XCConfigurationList;
			buildConfigurations = (
				C4BFC4531C8A41140052F9A9 /* Debug */,
				C4BFC4541C8A41140052F9A9 /* Release */,
			);
			defaultConfigurationIsVisible = 0;
		};
		C4BFC4551C8A41140052F9A9 /* Build configuration list for PBXNativeTarget "MessageMeTests" */ = {
			isa = XCConfigurationList;
			buildConfigurations = (
				C4BFC4561C8A41140052F9A9 /* Debug */,
				C4BFC4571C8A41140052F9A9 /* Release */,
			);
			defaultConfigurationIsVisible = 0;
		};
		C4BFC4581C8A41140052F9A9 /* Build configuration list for PBXNativeTarget "MessageMeUITests" */ = {
			isa = XCConfigurationList;
			buildConfigurations = (
				C4BFC4591C8A41140052F9A9 /* Debug */,
				C4BFC45A1C8A41140052F9A9 /* Release */,
			);
			defaultConfigurationIsVisible = 0;
		};
/* End XCConfigurationList section */
	};
	rootObject = C4BFC4221C8A41140052F9A9 /* Project object */;
}
